// !$*UTF8*$!
{
	archiveVersion = 1;
	classes = {
	};
	objectVersion = 46;
	objects = {

/* Begin PBXAggregateTarget section */
		92A5788418E4BFEC0048B030 /* Documentation */ = {
			isa = PBXAggregateTarget;
			buildConfigurationList = 92A5788718E4BFEC0048B030 /* Build configuration list for PBXAggregateTarget "Documentation" */;
			buildPhases = (
				92A5788818E4C0160048B030 /* ShellScript */,
			);
			dependencies = (
			);
			name = Documentation;
			productName = Documentation;
		};
		92D9484818E0A0E40069C2CA /* Mogenerator */ = {
			isa = PBXAggregateTarget;
			buildConfigurationList = 92D9484918E0A0E40069C2CA /* Build configuration list for PBXAggregateTarget "Mogenerator" */;
			buildPhases = (
				92D9484C18E0A0FA0069C2CA /* ShellScript */,
			);
			dependencies = (
			);
			name = Mogenerator;
			productName = Mogenerator;
		};
/* End PBXAggregateTarget section */

/* Begin PBXBuildFile section */
		1ADC5B2C11DA4A87977B56AB /* libPods-MagicalProject.a in Frameworks */ = {isa = PBXBuildFile; fileRef = 83689EC03D5543D6B1BE522B /* libPods-MagicalProject.a */; };
		9243705718DCE1B1007A4FD7 /* Foundation.framework in Frameworks */ = {isa = PBXBuildFile; fileRef = 9243705618DCE1B1007A4FD7 /* Foundation.framework */; };
		9243705918DCE1B1007A4FD7 /* CoreGraphics.framework in Frameworks */ = {isa = PBXBuildFile; fileRef = 9243705818DCE1B1007A4FD7 /* CoreGraphics.framework */; };
		9243705B18DCE1B1007A4FD7 /* UIKit.framework in Frameworks */ = {isa = PBXBuildFile; fileRef = 9243705A18DCE1B1007A4FD7 /* UIKit.framework */; };
		9243706118DCE1B1007A4FD7 /* InfoPlist.strings in Resources */ = {isa = PBXBuildFile; fileRef = 9243705F18DCE1B1007A4FD7 /* InfoPlist.strings */; };
		9243706318DCE1B1007A4FD7 /* main.m in Sources */ = {isa = PBXBuildFile; fileRef = 9243706218DCE1B1007A4FD7 /* main.m */; };
		9243706718DCE1B1007A4FD7 /* ZZZAppDelegate.m in Sources */ = {isa = PBXBuildFile; fileRef = 9243706618DCE1B1007A4FD7 /* ZZZAppDelegate.m */; };
		9243706A18DCE1B1007A4FD7 /* Main_iPhone.storyboard in Resources */ = {isa = PBXBuildFile; fileRef = 9243706818DCE1B1007A4FD7 /* Main_iPhone.storyboard */; };
		9243707218DCE1B1007A4FD7 /* Images.xcassets in Resources */ = {isa = PBXBuildFile; fileRef = 9243707118DCE1B1007A4FD7 /* Images.xcassets */; };
		9243707918DCE1B1007A4FD7 /* XCTest.framework in Frameworks */ = {isa = PBXBuildFile; fileRef = 9243707818DCE1B1007A4FD7 /* XCTest.framework */; };
		9243707A18DCE1B1007A4FD7 /* Foundation.framework in Frameworks */ = {isa = PBXBuildFile; fileRef = 9243705618DCE1B1007A4FD7 /* Foundation.framework */; };
		9243707B18DCE1B1007A4FD7 /* UIKit.framework in Frameworks */ = {isa = PBXBuildFile; fileRef = 9243705A18DCE1B1007A4FD7 /* UIKit.framework */; };
		9243708318DCE1B1007A4FD7 /* InfoPlist.strings in Resources */ = {isa = PBXBuildFile; fileRef = 9243708118DCE1B1007A4FD7 /* InfoPlist.strings */; };
		9243708518DCE1B1007A4FD7 /* MagicalProjectTests.m in Sources */ = {isa = PBXBuildFile; fileRef = 9243708418DCE1B1007A4FD7 /* MagicalProjectTests.m */; };
		9287D55018E1E4A300A10A6B /* ZZZTableViewController.m in Sources */ = {isa = PBXBuildFile; fileRef = 9287D54F18E1E4A300A10A6B /* ZZZTableViewController.m */; };
		92AA50C918E22C7E00983E6F /* ZZZSpellDetailsViewController.m in Sources */ = {isa = PBXBuildFile; fileRef = 92AA50C818E22C7E00983E6F /* ZZZSpellDetailsViewController.m */; };
		92D9482518DCE39C0069C2CA /* CoreData.framework in Frameworks */ = {isa = PBXBuildFile; fileRef = 92D9482418DCE39C0069C2CA /* CoreData.framework */; };
		92D9482818DCE74C0069C2CA /* MagicalProjectModel.xcdatamodeld in Sources */ = {isa = PBXBuildFile; fileRef = 92D9482618DCE74C0069C2CA /* MagicalProjectModel.xcdatamodeld */; };
		92D9482F18DDF3FF0069C2CA /* magical-items.json in Resources */ = {isa = PBXBuildFile; fileRef = 92D9482E18DDF3FF0069C2CA /* magical-items.json */; };
		92D9484618E09DD50069C2CA /* _MagicSpell.m in Sources */ = {isa = PBXBuildFile; fileRef = 92D9484318E09DD50069C2CA /* _MagicSpell.m */; };
		92D9484718E09DD50069C2CA /* MagicSpell.m in Sources */ = {isa = PBXBuildFile; fileRef = 92D9484518E09DD50069C2CA /* MagicSpell.m */; };
/* End PBXBuildFile section */

/* Begin PBXContainerItemProxy section */
		9243707C18DCE1B1007A4FD7 /* PBXContainerItemProxy */ = {
			isa = PBXContainerItemProxy;
			containerPortal = 9243704B18DCE1B1007A4FD7 /* Project object */;
			proxyType = 1;
			remoteGlobalIDString = 9243705218DCE1B1007A4FD7;
			remoteInfo = MagicalProject;
		};
/* End PBXContainerItemProxy section */

/* Begin PBXFileReference section */
		670C1BB98E044745BA1DB99E /* Pods-MagicalProject.xcconfig */ = {isa = PBXFileReference; includeInIndex = 1; lastKnownFileType = text.xcconfig; name = "Pods-MagicalProject.xcconfig"; path = "Pods/Pods-MagicalProject.xcconfig"; sourceTree = "<group>"; };
		83689EC03D5543D6B1BE522B /* libPods-MagicalProject.a */ = {isa = PBXFileReference; explicitFileType = archive.ar; includeInIndex = 0; path = "libPods-MagicalProject.a"; sourceTree = BUILT_PRODUCTS_DIR; };
		9243705318DCE1B1007A4FD7 /* MagicalProject.app */ = {isa = PBXFileReference; explicitFileType = wrapper.application; includeInIndex = 0; path = MagicalProject.app; sourceTree = BUILT_PRODUCTS_DIR; };
		9243705618DCE1B1007A4FD7 /* Foundation.framework */ = {isa = PBXFileReference; lastKnownFileType = wrapper.framework; name = Foundation.framework; path = System/Library/Frameworks/Foundation.framework; sourceTree = SDKROOT; };
		9243705818DCE1B1007A4FD7 /* CoreGraphics.framework */ = {isa = PBXFileReference; lastKnownFileType = wrapper.framework; name = CoreGraphics.framework; path = System/Library/Frameworks/CoreGraphics.framework; sourceTree = SDKROOT; };
		9243705A18DCE1B1007A4FD7 /* UIKit.framework */ = {isa = PBXFileReference; lastKnownFileType = wrapper.framework; name = UIKit.framework; path = System/Library/Frameworks/UIKit.framework; sourceTree = SDKROOT; };
		9243705E18DCE1B1007A4FD7 /* MagicalProject-Info.plist */ = {isa = PBXFileReference; lastKnownFileType = text.plist.xml; path = "MagicalProject-Info.plist"; sourceTree = "<group>"; };
		9243706018DCE1B1007A4FD7 /* en */ = {isa = PBXFileReference; lastKnownFileType = text.plist.strings; name = en; path = en.lproj/InfoPlist.strings; sourceTree = "<group>"; };
		9243706218DCE1B1007A4FD7 /* main.m */ = {isa = PBXFileReference; lastKnownFileType = sourcecode.c.objc; path = main.m; sourceTree = "<group>"; };
		9243706418DCE1B1007A4FD7 /* MagicalProject-Prefix.pch */ = {isa = PBXFileReference; lastKnownFileType = sourcecode.c.h; path = "MagicalProject-Prefix.pch"; sourceTree = "<group>"; };
		9243706518DCE1B1007A4FD7 /* ZZZAppDelegate.h */ = {isa = PBXFileReference; lastKnownFileType = sourcecode.c.h; path = ZZZAppDelegate.h; sourceTree = "<group>"; };
		9243706618DCE1B1007A4FD7 /* ZZZAppDelegate.m */ = {isa = PBXFileReference; lastKnownFileType = sourcecode.c.objc; path = ZZZAppDelegate.m; sourceTree = "<group>"; };
		9243706918DCE1B1007A4FD7 /* Base */ = {isa = PBXFileReference; lastKnownFileType = file.storyboard; name = Base; path = Base.lproj/Main_iPhone.storyboard; sourceTree = "<group>"; };
		9243707118DCE1B1007A4FD7 /* Images.xcassets */ = {isa = PBXFileReference; lastKnownFileType = folder.assetcatalog; path = Images.xcassets; sourceTree = "<group>"; };
		9243707718DCE1B1007A4FD7 /* MagicalProjectTests.xctest */ = {isa = PBXFileReference; explicitFileType = wrapper.cfbundle; includeInIndex = 0; path = MagicalProjectTests.xctest; sourceTree = BUILT_PRODUCTS_DIR; };
		9243707818DCE1B1007A4FD7 /* XCTest.framework */ = {isa = PBXFileReference; lastKnownFileType = wrapper.framework; name = XCTest.framework; path = Library/Frameworks/XCTest.framework; sourceTree = DEVELOPER_DIR; };
		9243708018DCE1B1007A4FD7 /* MagicalProjectTests-Info.plist */ = {isa = PBXFileReference; lastKnownFileType = text.plist.xml; path = "MagicalProjectTests-Info.plist"; sourceTree = "<group>"; };
		9243708218DCE1B1007A4FD7 /* en */ = {isa = PBXFileReference; lastKnownFileType = text.plist.strings; name = en; path = en.lproj/InfoPlist.strings; sourceTree = "<group>"; };
		9243708418DCE1B1007A4FD7 /* MagicalProjectTests.m */ = {isa = PBXFileReference; lastKnownFileType = sourcecode.c.objc; path = MagicalProjectTests.m; sourceTree = "<group>"; };
		9287D54E18E1E4A300A10A6B /* ZZZTableViewController.h */ = {isa = PBXFileReference; fileEncoding = 4; lastKnownFileType = sourcecode.c.h; path = ZZZTableViewController.h; sourceTree = "<group>"; };
		9287D54F18E1E4A300A10A6B /* ZZZTableViewController.m */ = {isa = PBXFileReference; fileEncoding = 4; lastKnownFileType = sourcecode.c.objc; path = ZZZTableViewController.m; sourceTree = "<group>"; };
		92AA50C718E22C7E00983E6F /* ZZZSpellDetailsViewController.h */ = {isa = PBXFileReference; fileEncoding = 4; lastKnownFileType = sourcecode.c.h; path = ZZZSpellDetailsViewController.h; sourceTree = "<group>"; };
		92AA50C818E22C7E00983E6F /* ZZZSpellDetailsViewController.m */ = {isa = PBXFileReference; fileEncoding = 4; lastKnownFileType = sourcecode.c.objc; path = ZZZSpellDetailsViewController.m; sourceTree = "<group>"; };
		92D9482418DCE39C0069C2CA /* CoreData.framework */ = {isa = PBXFileReference; lastKnownFileType = wrapper.framework; name = CoreData.framework; path = System/Library/Frameworks/CoreData.framework; sourceTree = SDKROOT; };
		92D9482718DCE74C0069C2CA /* MagicalProjectModel.xcdatamodel */ = {isa = PBXFileReference; lastKnownFileType = wrapper.xcdatamodel; path = MagicalProjectModel.xcdatamodel; sourceTree = "<group>"; };
		92D9482918DCE8410069C2CA /* MagicalProjectModel 2.xcdatamodel */ = {isa = PBXFileReference; lastKnownFileType = wrapper.xcdatamodel; path = "MagicalProjectModel 2.xcdatamodel"; sourceTree = "<group>"; };
		92D9482E18DDF3FF0069C2CA /* magical-items.json */ = {isa = PBXFileReference; fileEncoding = 4; lastKnownFileType = text.json; path = "magical-items.json"; sourceTree = "<group>"; };
		92D9484218E09DD50069C2CA /* _MagicSpell.h */ = {isa = PBXFileReference; fileEncoding = 4; lastKnownFileType = sourcecode.c.h; name = _MagicSpell.h; path = Model/_MagicSpell.h; sourceTree = "<group>"; };
		92D9484318E09DD50069C2CA /* _MagicSpell.m */ = {isa = PBXFileReference; fileEncoding = 4; lastKnownFileType = sourcecode.c.objc; name = _MagicSpell.m; path = Model/_MagicSpell.m; sourceTree = "<group>"; };
		92D9484418E09DD50069C2CA /* MagicSpell.h */ = {isa = PBXFileReference; fileEncoding = 4; lastKnownFileType = sourcecode.c.h; name = MagicSpell.h; path = Model/MagicSpell.h; sourceTree = "<group>"; };
		92D9484518E09DD50069C2CA /* MagicSpell.m */ = {isa = PBXFileReference; fileEncoding = 4; lastKnownFileType = sourcecode.c.objc; name = MagicSpell.m; path = Model/MagicSpell.m; sourceTree = "<group>"; };
/* End PBXFileReference section */

/* Begin PBXFrameworksBuildPhase section */
		9243705018DCE1B1007A4FD7 /* Frameworks */ = {
			isa = PBXFrameworksBuildPhase;
			buildActionMask = 2147483647;
			files = (
				92D9482518DCE39C0069C2CA /* CoreData.framework in Frameworks */,
				9243705918DCE1B1007A4FD7 /* CoreGraphics.framework in Frameworks */,
				9243705B18DCE1B1007A4FD7 /* UIKit.framework in Frameworks */,
				9243705718DCE1B1007A4FD7 /* Foundation.framework in Frameworks */,
				1ADC5B2C11DA4A87977B56AB /* libPods-MagicalProject.a in Frameworks */,
			);
			runOnlyForDeploymentPostprocessing = 0;
		};
		9243707418DCE1B1007A4FD7 /* Frameworks */ = {
			isa = PBXFrameworksBuildPhase;
			buildActionMask = 2147483647;
			files = (
				9243707918DCE1B1007A4FD7 /* XCTest.framework in Frameworks */,
				9243707B18DCE1B1007A4FD7 /* UIKit.framework in Frameworks */,
				9243707A18DCE1B1007A4FD7 /* Foundation.framework in Frameworks */,
			);
			runOnlyForDeploymentPostprocessing = 0;
		};
/* End PBXFrameworksBuildPhase section */

/* Begin PBXGroup section */
		9243704A18DCE1B1007A4FD7 = {
			isa = PBXGroup;
			children = (
				9243705C18DCE1B1007A4FD7 /* MagicalProject */,
				9243707E18DCE1B1007A4FD7 /* MagicalProjectTests */,
				9243705518DCE1B1007A4FD7 /* Frameworks */,
				9243705418DCE1B1007A4FD7 /* Products */,
				670C1BB98E044745BA1DB99E /* Pods-MagicalProject.xcconfig */,
			);
			sourceTree = "<group>";
		};
		9243705418DCE1B1007A4FD7 /* Products */ = {
			isa = PBXGroup;
			children = (
				9243705318DCE1B1007A4FD7 /* MagicalProject.app */,
				9243707718DCE1B1007A4FD7 /* MagicalProjectTests.xctest */,
			);
			name = Products;
			sourceTree = "<group>";
		};
		9243705518DCE1B1007A4FD7 /* Frameworks */ = {
			isa = PBXGroup;
			children = (
				92D9482418DCE39C0069C2CA /* CoreData.framework */,
				9243705618DCE1B1007A4FD7 /* Foundation.framework */,
				9243705818DCE1B1007A4FD7 /* CoreGraphics.framework */,
				9243705A18DCE1B1007A4FD7 /* UIKit.framework */,
				9243707818DCE1B1007A4FD7 /* XCTest.framework */,
				83689EC03D5543D6B1BE522B /* libPods-MagicalProject.a */,
			);
			name = Frameworks;
			sourceTree = "<group>";
		};
		9243705C18DCE1B1007A4FD7 /* MagicalProject */ = {
			isa = PBXGroup;
			children = (
				92D9482D18DCE9070069C2CA /* Models */,
				9243706518DCE1B1007A4FD7 /* ZZZAppDelegate.h */,
				9243706618DCE1B1007A4FD7 /* ZZZAppDelegate.m */,
				92D9482618DCE74C0069C2CA /* MagicalProjectModel.xcdatamodeld */,
				9243706818DCE1B1007A4FD7 /* Main_iPhone.storyboard */,
				92AA50C718E22C7E00983E6F /* ZZZSpellDetailsViewController.h */,
				92AA50C818E22C7E00983E6F /* ZZZSpellDetailsViewController.m */,
				9287D54E18E1E4A300A10A6B /* ZZZTableViewController.h */,
				9287D54F18E1E4A300A10A6B /* ZZZTableViewController.m */,
				9243707118DCE1B1007A4FD7 /* Images.xcassets */,
				9243705D18DCE1B1007A4FD7 /* Supporting Files */,
			);
			path = MagicalProject;
			sourceTree = "<group>";
		};
		9243705D18DCE1B1007A4FD7 /* Supporting Files */ = {
			isa = PBXGroup;
			children = (
				92D9482E18DDF3FF0069C2CA /* magical-items.json */,
				9243705E18DCE1B1007A4FD7 /* MagicalProject-Info.plist */,
				9243705F18DCE1B1007A4FD7 /* InfoPlist.strings */,
				9243706218DCE1B1007A4FD7 /* main.m */,
				9243706418DCE1B1007A4FD7 /* MagicalProject-Prefix.pch */,
			);
			name = "Supporting Files";
			sourceTree = "<group>";
		};
		9243707E18DCE1B1007A4FD7 /* MagicalProjectTests */ = {
			isa = PBXGroup;
			children = (
				9243708418DCE1B1007A4FD7 /* MagicalProjectTests.m */,
				9243707F18DCE1B1007A4FD7 /* Supporting Files */,
			);
			path = MagicalProjectTests;
			sourceTree = "<group>";
		};
		9243707F18DCE1B1007A4FD7 /* Supporting Files */ = {
			isa = PBXGroup;
			children = (
				9243708018DCE1B1007A4FD7 /* MagicalProjectTests-Info.plist */,
				9243708118DCE1B1007A4FD7 /* InfoPlist.strings */,
			);
			name = "Supporting Files";
			sourceTree = "<group>";
		};
		92D9482D18DCE9070069C2CA /* Models */ = {
			isa = PBXGroup;
			children = (
				92D9484218E09DD50069C2CA /* _MagicSpell.h */,
				92D9484318E09DD50069C2CA /* _MagicSpell.m */,
				92D9484418E09DD50069C2CA /* MagicSpell.h */,
				92D9484518E09DD50069C2CA /* MagicSpell.m */,
			);
			name = Models;
			sourceTree = "<group>";
		};
/* End PBXGroup section */

/* Begin PBXNativeTarget section */
		9243705218DCE1B1007A4FD7 /* MagicalProject */ = {
			isa = PBXNativeTarget;
			buildConfigurationList = 9243708818DCE1B1007A4FD7 /* Build configuration list for PBXNativeTarget "MagicalProject" */;
			buildPhases = (
				952ABACDE192451FAB0E9644 /* Check Pods Manifest.lock */,
				9243704F18DCE1B1007A4FD7 /* Sources */,
				9243705018DCE1B1007A4FD7 /* Frameworks */,
				9243705118DCE1B1007A4FD7 /* Resources */,
				C586982C953C4436AE872891 /* Copy Pods Resources */,
			);
			buildRules = (
			);
			dependencies = (
			);
			name = MagicalProject;
			productName = MagicalProject;
			productReference = 9243705318DCE1B1007A4FD7 /* MagicalProject.app */;
			productType = "com.apple.product-type.application";
		};
		9243707618DCE1B1007A4FD7 /* MagicalProjectTests */ = {
			isa = PBXNativeTarget;
			buildConfigurationList = 9243708B18DCE1B1007A4FD7 /* Build configuration list for PBXNativeTarget "MagicalProjectTests" */;
			buildPhases = (
				9243707318DCE1B1007A4FD7 /* Sources */,
				9243707418DCE1B1007A4FD7 /* Frameworks */,
				9243707518DCE1B1007A4FD7 /* Resources */,
			);
			buildRules = (
			);
			dependencies = (
				9243707D18DCE1B1007A4FD7 /* PBXTargetDependency */,
			);
			name = MagicalProjectTests;
			productName = MagicalProjectTests;
			productReference = 9243707718DCE1B1007A4FD7 /* MagicalProjectTests.xctest */;
			productType = "com.apple.product-type.bundle.unit-test";
		};
/* End PBXNativeTarget section */

/* Begin PBXProject section */
		9243704B18DCE1B1007A4FD7 /* Project object */ = {
			isa = PBXProject;
			attributes = {
				CLASSPREFIX = ZZZ;
				LastUpgradeCheck = 0510;
				ORGANIZATIONNAME = ZZZ;
				TargetAttributes = {
					9243707618DCE1B1007A4FD7 = {
						TestTargetID = 9243705218DCE1B1007A4FD7;
					};
				};
			};
			buildConfigurationList = 9243704E18DCE1B1007A4FD7 /* Build configuration list for PBXProject "MagicalProject" */;
			compatibilityVersion = "Xcode 3.2";
			developmentRegion = English;
			hasScannedForEncodings = 0;
			knownRegions = (
				en,
				Base,
			);
			mainGroup = 9243704A18DCE1B1007A4FD7;
			productRefGroup = 9243705418DCE1B1007A4FD7 /* Products */;
			projectDirPath = "";
			projectRoot = "";
			targets = (
				9243705218DCE1B1007A4FD7 /* MagicalProject */,
				9243707618DCE1B1007A4FD7 /* MagicalProjectTests */,
				92D9484818E0A0E40069C2CA /* Mogenerator */,
				92A5788418E4BFEC0048B030 /* Documentation */,
			);
		};
/* End PBXProject section */

/* Begin PBXResourcesBuildPhase section */
		9243705118DCE1B1007A4FD7 /* Resources */ = {
			isa = PBXResourcesBuildPhase;
			buildActionMask = 2147483647;
			files = (
				9243707218DCE1B1007A4FD7 /* Images.xcassets in Resources */,
				9243706A18DCE1B1007A4FD7 /* Main_iPhone.storyboard in Resources */,
				92D9482F18DDF3FF0069C2CA /* magical-items.json in Resources */,
				9243706118DCE1B1007A4FD7 /* InfoPlist.strings in Resources */,
			);
			runOnlyForDeploymentPostprocessing = 0;
		};
		9243707518DCE1B1007A4FD7 /* Resources */ = {
			isa = PBXResourcesBuildPhase;
			buildActionMask = 2147483647;
			files = (
				9243708318DCE1B1007A4FD7 /* InfoPlist.strings in Resources */,
			);
			runOnlyForDeploymentPostprocessing = 0;
		};
/* End PBXResourcesBuildPhase section */

/* Begin PBXShellScriptBuildPhase section */
		92A5788818E4C0160048B030 /* ShellScript */ = {
			isa = PBXShellScriptBuildPhase;
			buildActionMask = 2147483647;
			files = (
			);
			inputPaths = (
			);
			outputPaths = (
			);
			runOnlyForDeploymentPostprocessing = 0;
			shellPath = /bin/sh;
			shellScript = "/opt/local/bin/appledoc \\\n--project-name \"${PROJECT_NAME}\" \\\n--project-company \"Simplicate\" \\\n--company-id \"com.simplicate\" \\\n--output \"/Users/Zach/docs\" \\\n--install-docset \\\n--logformat xcode \\\n--keep-undocumented-objects \\\n--keep-undocumented-members \\\n--keep-intermediate-files \\\n--no-repeat-first-par \\\n--no-warn-invalid-crossref \\\n--merge-categories \\\n--exit-threshold 2 \\\n--docset-platform-family iphoneos \\\n--ignore \"*.m\" \\\n\"${PROJECT_DIR}/${PROJECT_NAME}\"";
		};
		92D9484C18E0A0FA0069C2CA /* ShellScript */ = {
			isa = PBXShellScriptBuildPhase;
			buildActionMask = 2147483647;
			files = (
			);
			inputPaths = (
			);
			outputPaths = (
			);
			runOnlyForDeploymentPostprocessing = 0;
			shellPath = /bin/sh;
			shellScript = "/opt/local/bin/mogenerator -m MagicalProject/MagicalProjectModel.xcdatamodeld -O MagicalProject/Model --template-var arc=true";
		};
		952ABACDE192451FAB0E9644 /* Check Pods Manifest.lock */ = {
			isa = PBXShellScriptBuildPhase;
			buildActionMask = 2147483647;
			files = (
			);
			inputPaths = (
			);
			name = "Check Pods Manifest.lock";
			outputPaths = (
			);
			runOnlyForDeploymentPostprocessing = 0;
			shellPath = /bin/sh;
			shellScript = "diff \"${PODS_ROOT}/../Podfile.lock\" \"${PODS_ROOT}/Manifest.lock\" > /dev/null\nif [[ $? != 0 ]] ; then\n    cat << EOM\nerror: The sandbox is not in sync with the Podfile.lock. Run 'pod install' or update your CocoaPods installation.\nEOM\n    exit 1\nfi\n";
			showEnvVarsInLog = 0;
		};
		C586982C953C4436AE872891 /* Copy Pods Resources */ = {
			isa = PBXShellScriptBuildPhase;
			buildActionMask = 2147483647;
			files = (
			);
			inputPaths = (
			);
			name = "Copy Pods Resources";
			outputPaths = (
			);
			runOnlyForDeploymentPostprocessing = 0;
			shellPath = /bin/sh;
			shellScript = "\"${SRCROOT}/Pods/Pods-MagicalProject-resources.sh\"\n";
			showEnvVarsInLog = 0;
		};
/* End PBXShellScriptBuildPhase section */

/* Begin PBXSourcesBuildPhase section */
		9243704F18DCE1B1007A4FD7 /* Sources */ = {
			isa = PBXSourcesBuildPhase;
			buildActionMask = 2147483647;
			files = (
				92D9482818DCE74C0069C2CA /* MagicalProjectModel.xcdatamodeld in Sources */,
				92AA50C918E22C7E00983E6F /* ZZZSpellDetailsViewController.m in Sources */,
				9287D55018E1E4A300A10A6B /* ZZZTableViewController.m in Sources */,
				9243706318DCE1B1007A4FD7 /* main.m in Sources */,
				9243706718DCE1B1007A4FD7 /* ZZZAppDelegate.m in Sources */,
				92D9484718E09DD50069C2CA /* MagicSpell.m in Sources */,
				92D9484618E09DD50069C2CA /* _MagicSpell.m in Sources */,
			);
			runOnlyForDeploymentPostprocessing = 0;
		};
		9243707318DCE1B1007A4FD7 /* Sources */ = {
			isa = PBXSourcesBuildPhase;
			buildActionMask = 2147483647;
			files = (
				9243708518DCE1B1007A4FD7 /* MagicalProjectTests.m in Sources */,
			);
			runOnlyForDeploymentPostprocessing = 0;
		};
/* End PBXSourcesBuildPhase section */

/* Begin PBXTargetDependency section */
		9243707D18DCE1B1007A4FD7 /* PBXTargetDependency */ = {
			isa = PBXTargetDependency;
			target = 9243705218DCE1B1007A4FD7 /* MagicalProject */;
			targetProxy = 9243707C18DCE1B1007A4FD7 /* PBXContainerItemProxy */;
		};
/* End PBXTargetDependency section */

/* Begin PBXVariantGroup section */
		9243705F18DCE1B1007A4FD7 /* InfoPlist.strings */ = {
			isa = PBXVariantGroup;
			children = (
				9243706018DCE1B1007A4FD7 /* en */,
			);
			name = InfoPlist.strings;
			sourceTree = "<group>";
		};
		9243706818DCE1B1007A4FD7 /* Main_iPhone.storyboard */ = {
			isa = PBXVariantGroup;
			children = (
				9243706918DCE1B1007A4FD7 /* Base */,
			);
			name = Main_iPhone.storyboard;
			sourceTree = "<group>";
		};
		9243708118DCE1B1007A4FD7 /* InfoPlist.strings */ = {
			isa = PBXVariantGroup;
			children = (
				9243708218DCE1B1007A4FD7 /* en */,
			);
			name = InfoPlist.strings;
			sourceTree = "<group>";
		};
/* End PBXVariantGroup section */

/* Begin XCBuildConfiguration section */
		9243708618DCE1B1007A4FD7 /* Debug */ = {
			isa = XCBuildConfiguration;
			buildSettings = {
				ALWAYS_SEARCH_USER_PATHS = NO;
				CLANG_CXX_LANGUAGE_STANDARD = "gnu++0x";
				CLANG_CXX_LIBRARY = "libc++";
				CLANG_ENABLE_MODULES = YES;
				CLANG_ENABLE_OBJC_ARC = YES;
				CLANG_WARN_BOOL_CONVERSION = YES;
				CLANG_WARN_CONSTANT_CONVERSION = YES;
				CLANG_WARN_DIRECT_OBJC_ISA_USAGE = YES_ERROR;
				CLANG_WARN_EMPTY_BODY = YES;
				CLANG_WARN_ENUM_CONVERSION = YES;
				CLANG_WARN_INT_CONVERSION = YES;
				CLANG_WARN_OBJC_ROOT_CLASS = YES_ERROR;
				CLANG_WARN__DUPLICATE_METHOD_MATCH = YES;
				"CODE_SIGN_IDENTITY[sdk=iphoneos*]" = "iPhone Developer";
				COPY_PHASE_STRIP = NO;
				GCC_C_LANGUAGE_STANDARD = gnu99;
				GCC_DYNAMIC_NO_PIC = NO;
				GCC_OPTIMIZATION_LEVEL = 0;
				GCC_PREPROCESSOR_DEFINITIONS = (
					"DEBUG=1",
					"$(inherited)",
				);
				GCC_SYMBOLS_PRIVATE_EXTERN = NO;
				GCC_WARN_64_TO_32_BIT_CONVERSION = YES;
				GCC_WARN_ABOUT_RETURN_TYPE = YES_ERROR;
				GCC_WARN_UNDECLARED_SELECTOR = YES;
				GCC_WARN_UNINITIALIZED_AUTOS = YES_AGGRESSIVE;
				GCC_WARN_UNUSED_FUNCTION = YES;
				GCC_WARN_UNUSED_VARIABLE = YES;
				IPHONEOS_DEPLOYMENT_TARGET = 7.1;
				ONLY_ACTIVE_ARCH = YES;
				SDKROOT = iphoneos;
				TARGETED_DEVICE_FAMILY = "1,2";
			};
			name = Debug;
		};
		9243708718DCE1B1007A4FD7 /* Release */ = {
			isa = XCBuildConfiguration;
			buildSettings = {
				ALWAYS_SEARCH_USER_PATHS = NO;
				CLANG_CXX_LANGUAGE_STANDARD = "gnu++0x";
				CLANG_CXX_LIBRARY = "libc++";
				CLANG_ENABLE_MODULES = YES;
				CLANG_ENABLE_OBJC_ARC = YES;
				CLANG_WARN_BOOL_CONVERSION = YES;
				CLANG_WARN_CONSTANT_CONVERSION = YES;
				CLANG_WARN_DIRECT_OBJC_ISA_USAGE = YES_ERROR;
				CLANG_WARN_EMPTY_BODY = YES;
				CLANG_WARN_ENUM_CONVERSION = YES;
				CLANG_WARN_INT_CONVERSION = YES;
				CLANG_WARN_OBJC_ROOT_CLASS = YES_ERROR;
				CLANG_WARN__DUPLICATE_METHOD_MATCH = YES;
				"CODE_SIGN_IDENTITY[sdk=iphoneos*]" = "iPhone Developer";
				COPY_PHASE_STRIP = YES;
				ENABLE_NS_ASSERTIONS = NO;
				GCC_C_LANGUAGE_STANDARD = gnu99;
				GCC_WARN_64_TO_32_BIT_CONVERSION = YES;
				GCC_WARN_ABOUT_RETURN_TYPE = YES_ERROR;
				GCC_WARN_UNDECLARED_SELECTOR = YES;
				GCC_WARN_UNINITIALIZED_AUTOS = YES_AGGRESSIVE;
				GCC_WARN_UNUSED_FUNCTION = YES;
				GCC_WARN_UNUSED_VARIABLE = YES;
				IPHONEOS_DEPLOYMENT_TARGET = 7.1;
				SDKROOT = iphoneos;
				TARGETED_DEVICE_FAMILY = "1,2";
				VALIDATE_PRODUCT = YES;
			};
			name = Release;
		};
		9243708918DCE1B1007A4FD7 /* Debug */ = {
			isa = XCBuildConfiguration;
			baseConfigurationReference = 670C1BB98E044745BA1DB99E /* Pods-MagicalProject.xcconfig */;
			buildSettings = {
				ASSETCATALOG_COMPILER_APPICON_NAME = AppIcon;
				ASSETCATALOG_COMPILER_LAUNCHIMAGE_NAME = LaunchImage;
				GCC_PRECOMPILE_PREFIX_HEADER = YES;
				GCC_PREFIX_HEADER = "MagicalProject/MagicalProject-Prefix.pch";
				INFOPLIST_FILE = "MagicalProject/MagicalProject-Info.plist";
				PRODUCT_NAME = "$(TARGET_NAME)";
				WRAPPER_EXTENSION = app;
			};
			name = Debug;
		};
		9243708A18DCE1B1007A4FD7 /* Release */ = {
			isa = XCBuildConfiguration;
			baseConfigurationReference = 670C1BB98E044745BA1DB99E /* Pods-MagicalProject.xcconfig */;
			buildSettings = {
				ASSETCATALOG_COMPILER_APPICON_NAME = AppIcon;
				ASSETCATALOG_COMPILER_LAUNCHIMAGE_NAME = LaunchImage;
				GCC_PRECOMPILE_PREFIX_HEADER = YES;
				GCC_PREFIX_HEADER = "MagicalProject/MagicalProject-Prefix.pch";
				INFOPLIST_FILE = "MagicalProject/MagicalProject-Info.plist";
				PRODUCT_NAME = "$(TARGET_NAME)";
				WRAPPER_EXTENSION = app;
			};
			name = Release;
		};
		9243708C18DCE1B1007A4FD7 /* Debug */ = {
			isa = XCBuildConfiguration;
			buildSettings = {
				BUNDLE_LOADER = "$(BUILT_PRODUCTS_DIR)/MagicalProject.app/MagicalProject";
				FRAMEWORK_SEARCH_PATHS = (
					"$(SDKROOT)/Developer/Library/Frameworks",
					"$(inherited)",
					"$(DEVELOPER_FRAMEWORKS_DIR)",
				);
				GCC_PRECOMPILE_PREFIX_HEADER = YES;
				GCC_PREFIX_HEADER = "MagicalProject/MagicalProject-Prefix.pch";
				GCC_PREPROCESSOR_DEFINITIONS = (
					"DEBUG=1",
					"$(inherited)",
				);
				INFOPLIST_FILE = "MagicalProjectTests/MagicalProjectTests-Info.plist";
				PRODUCT_NAME = "$(TARGET_NAME)";
				TEST_HOST = "$(BUNDLE_LOADER)";
				WRAPPER_EXTENSION = xctest;
			};
			name = Debug;
		};
		9243708D18DCE1B1007A4FD7 /* Release */ = {
			isa = XCBuildConfiguration;
			buildSettings = {
				BUNDLE_LOADER = "$(BUILT_PRODUCTS_DIR)/MagicalProject.app/MagicalProject";
				FRAMEWORK_SEARCH_PATHS = (
					"$(SDKROOT)/Developer/Library/Frameworks",
					"$(inherited)",
					"$(DEVELOPER_FRAMEWORKS_DIR)",
				);
				GCC_PRECOMPILE_PREFIX_HEADER = YES;
				GCC_PREFIX_HEADER = "MagicalProject/MagicalProject-Prefix.pch";
				INFOPLIST_FILE = "MagicalProjectTests/MagicalProjectTests-Info.plist";
				PRODUCT_NAME = "$(TARGET_NAME)";
				TEST_HOST = "$(BUNDLE_LOADER)";
				WRAPPER_EXTENSION = xctest;
			};
			name = Release;
		};
		92A5788518E4BFEC0048B030 /* Debug */ = {
			isa = XCBuildConfiguration;
			buildSettings = {
				PRODUCT_NAME = "$(TARGET_NAME)";
			};
			name = Debug;
		};
		92A5788618E4BFEC0048B030 /* Release */ = {
			isa = XCBuildConfiguration;
			buildSettings = {
				PRODUCT_NAME = "$(TARGET_NAME)";
			};
			name = Release;
		};
		92D9484A18E0A0E40069C2CA /* Debug */ = {
			isa = XCBuildConfiguration;
			buildSettings = {
				PRODUCT_NAME = "$(TARGET_NAME)";
			};
			name = Debug;
		};
		92D9484B18E0A0E40069C2CA /* Release */ = {
			isa = XCBuildConfiguration;
			buildSettings = {
				PRODUCT_NAME = "$(TARGET_NAME)";
			};
			name = Release;
		};
/* End XCBuildConfiguration section */

/* Begin XCConfigurationList section */
		9243704E18DCE1B1007A4FD7 /* Build configuration list for PBXProject "MagicalProject" */ = {
			isa = XCConfigurationList;
			buildConfigurations = (
				9243708618DCE1B1007A4FD7 /* Debug */,
				9243708718DCE1B1007A4FD7 /* Release */,
			);
			defaultConfigurationIsVisible = 0;
			defaultConfigurationName = Release;
		};
		9243708818DCE1B1007A4FD7 /* Build configuration list for PBXNativeTarget "MagicalProject" */ = {
			isa = XCConfigurationList;
			buildConfigurations = (
				9243708918DCE1B1007A4FD7 /* Debug */,
				9243708A18DCE1B1007A4FD7 /* Release */,
			);
			defaultConfigurationIsVisible = 0;
			defaultConfigurationName = Release;
		};
		9243708B18DCE1B1007A4FD7 /* Build configuration list for PBXNativeTarget "MagicalProjectTests" */ = {
			isa = XCConfigurationList;
			buildConfigurations = (
				9243708C18DCE1B1007A4FD7 /* Debug */,
				9243708D18DCE1B1007A4FD7 /* Release */,
			);
			defaultConfigurationIsVisible = 0;
			defaultConfigurationName = Release;
		};
		92A5788718E4BFEC0048B030 /* Build configuration list for PBXAggregateTarget "Documentation" */ = {
			isa = XCConfigurationList;
			buildConfigurations = (
				92A5788518E4BFEC0048B030 /* Debug */,
				92A5788618E4BFEC0048B030 /* Release */,
			);
			defaultConfigurationIsVisible = 0;
			defaultConfigurationName = Release;
		};
		92D9484918E0A0E40069C2CA /* Build configuration list for PBXAggregateTarget "Mogenerator" */ = {
			isa = XCConfigurationList;
			buildConfigurations = (
				92D9484A18E0A0E40069C2CA /* Debug */,
				92D9484B18E0A0E40069C2CA /* Release */,
			);
			defaultConfigurationIsVisible = 0;
			defaultConfigurationName = Release;
		};
/* End XCConfigurationList section */

/* Begin XCVersionGroup section */
		92D9482618DCE74C0069C2CA /* MagicalProjectModel.xcdatamodeld */ = {
			isa = XCVersionGroup;
			children = (
				92D9482918DCE8410069C2CA /* MagicalProjectModel 2.xcdatamodel */,
				92D9482718DCE74C0069C2CA /* MagicalProjectModel.xcdatamodel */,
			);
			currentVersion = 92D9482918DCE8410069C2CA /* MagicalProjectModel 2.xcdatamodel */;
			path = MagicalProjectModel.xcdatamodeld;
			sourceTree = "<group>";
			versionGroupType = wrapper.xcdatamodel;
		};
/* End XCVersionGroup section */
	};
	rootObject = 9243704B18DCE1B1007A4FD7 /* Project object */;
}
